// !$*UTF8*$!
{
	archiveVersion = 1;
	classes = {
	};
	objectVersion = 55;
	objects = {

/* Begin PBXBuildFile section */
		07046A332A926CF40074C711 /* DashBoardCell.swift in Sources */ = {isa = PBXBuildFile; fileRef = 07046A322A926CF30074C711 /* DashBoardCell.swift */; };
		07046A352A926E9E0074C711 /* Reusable.swift in Sources */ = {isa = PBXBuildFile; fileRef = 07046A342A926E9E0074C711 /* Reusable.swift */; };
		071882CE2A9213DE00EE4747 /* LocalTempStorage.swift in Sources */ = {isa = PBXBuildFile; fileRef = 071882CD2A9213DE00EE4747 /* LocalTempStorage.swift */; };
		071882D02A92160E00EE4747 /* Dashboard.swift in Sources */ = {isa = PBXBuildFile; fileRef = 071882CF2A92160E00EE4747 /* Dashboard.swift */; };
		07317FA02A7E2BE10066341F /* AppDelegate.swift in Sources */ = {isa = PBXBuildFile; fileRef = 07317F9F2A7E2BE10066341F /* AppDelegate.swift */; };
		07317FA22A7E2BE10066341F /* SceneDelegate.swift in Sources */ = {isa = PBXBuildFile; fileRef = 07317FA12A7E2BE10066341F /* SceneDelegate.swift */; };
		07317FA92A7E2BE80066341F /* Assets.xcassets in Resources */ = {isa = PBXBuildFile; fileRef = 07317FA82A7E2BE80066341F /* Assets.xcassets */; };
		07317FAC2A7E2BE80066341F /* LaunchScreen.storyboard in Resources */ = {isa = PBXBuildFile; fileRef = 07317FAA2A7E2BE80066341F /* LaunchScreen.storyboard */; };
		07317FB72A7E2BE80066341F /* CTS_PODTests.swift in Sources */ = {isa = PBXBuildFile; fileRef = 07317FB62A7E2BE80066341F /* CTS_PODTests.swift */; };
		07317FC12A7E2BE80066341F /* CTS_PODUITests.swift in Sources */ = {isa = PBXBuildFile; fileRef = 07317FC02A7E2BE80066341F /* CTS_PODUITests.swift */; };
		07317FC32A7E2BE80066341F /* CTS_PODUITestsLaunchTests.swift in Sources */ = {isa = PBXBuildFile; fileRef = 07317FC22A7E2BE80066341F /* CTS_PODUITestsLaunchTests.swift */; };
		07317FD32A7F55720066341F /* APIHandler.swift in Sources */ = {isa = PBXBuildFile; fileRef = 07317FD22A7F55720066341F /* APIHandler.swift */; };
		07317FD52A7F56A50066341F /* NetworkEnums.swift in Sources */ = {isa = PBXBuildFile; fileRef = 07317FD42A7F56A50066341F /* NetworkEnums.swift */; };
		07317FD82A7FFEA40066341F /* GetCustomerClient.swift in Sources */ = {isa = PBXBuildFile; fileRef = 07317FD72A7FFEA40066341F /* GetCustomerClient.swift */; };
		07317FDA2A7FFEB70066341F /* GetConstomerUsecase.swift in Sources */ = {isa = PBXBuildFile; fileRef = 07317FD92A7FFEB70066341F /* GetConstomerUsecase.swift */; };
		07668D082AD2F7D800D5AD3B /* JobConfirmClient.swift in Sources */ = {isa = PBXBuildFile; fileRef = 07668D072AD2F7D800D5AD3B /* JobConfirmClient.swift */; };
		07668D0A2AD2F7F100D5AD3B /* JobConfirmUseCase.swift in Sources */ = {isa = PBXBuildFile; fileRef = 07668D092AD2F7F100D5AD3B /* JobConfirmUseCase.swift */; };
		07668D0C2AD2F89000D5AD3B /* JobConfirmModel.swift in Sources */ = {isa = PBXBuildFile; fileRef = 07668D0B2AD2F89000D5AD3B /* JobConfirmModel.swift */; };
		0772F4BF2AA0ED10000951BF /* Date+Extension.swift in Sources */ = {isa = PBXBuildFile; fileRef = 0772F4BE2AA0ED10000951BF /* Date+Extension.swift */; };
		0772F4C12AA0F230000951BF /* VehicleCheckListViewController.swift in Sources */ = {isa = PBXBuildFile; fileRef = 0772F4C02AA0F230000951BF /* VehicleCheckListViewController.swift */; };
		0772F4C32AA0F24C000951BF /* VehicleCheckListViewModel.swift in Sources */ = {isa = PBXBuildFile; fileRef = 0772F4C22AA0F24C000951BF /* VehicleCheckListViewModel.swift */; };
		0772F4C72AA0F27A000951BF /* VehicleCheckListUsecase.swift in Sources */ = {isa = PBXBuildFile; fileRef = 0772F4C62AA0F27A000951BF /* VehicleCheckListUsecase.swift */; };
		0772F4C92AA0F293000951BF /* VehicleCheckListClient.swift in Sources */ = {isa = PBXBuildFile; fileRef = 0772F4C82AA0F293000951BF /* VehicleCheckListClient.swift */; };
		0772F4CB2AA0F53E000951BF /* VehicleCheckListModels.swift in Sources */ = {isa = PBXBuildFile; fileRef = 0772F4CA2AA0F53E000951BF /* VehicleCheckListModels.swift */; };
		0772F4CD2AA0F8B4000951BF /* VehicleCheckList.swift in Sources */ = {isa = PBXBuildFile; fileRef = 0772F4CC2AA0F8B4000951BF /* VehicleCheckList.swift */; };
		07835EB92A8739E60071A3AD /* EndpointProtocol.swift in Sources */ = {isa = PBXBuildFile; fileRef = 07835EB82A8739E60071A3AD /* EndpointProtocol.swift */; };
		07835EBB2A874A640071A3AD /* URLRequest+Extension.swift in Sources */ = {isa = PBXBuildFile; fileRef = 07835EBA2A874A640071A3AD /* URLRequest+Extension.swift */; };
		078B21222A9294FE000F6A1E /* SplashViewController.swift in Sources */ = {isa = PBXBuildFile; fileRef = 078B21212A9294FE000F6A1E /* SplashViewController.swift */; };
		078E762B2A97C57B008F7F8A /* ForgotPasswordModels.swift in Sources */ = {isa = PBXBuildFile; fileRef = 078E762A2A97C57B008F7F8A /* ForgotPasswordModels.swift */; };
		078E762D2A98F051008F7F8A /* ValidateOTPModels.swift in Sources */ = {isa = PBXBuildFile; fileRef = 078E762C2A98F051008F7F8A /* ValidateOTPModels.swift */; };
		078E762F2A9CB57E008F7F8A /* ResetPasswordRequest.swift in Sources */ = {isa = PBXBuildFile; fileRef = 078E762E2A9CB57E008F7F8A /* ResetPasswordRequest.swift */; };
		078E76312A9CCB27008F7F8A /* NavigationController+Extension.swift in Sources */ = {isa = PBXBuildFile; fileRef = 078E76302A9CCB27008F7F8A /* NavigationController+Extension.swift */; };
		078F7E3F2AA1F3F800125F88 /* CheckboxContainer.swift in Sources */ = {isa = PBXBuildFile; fileRef = 078F7E3E2AA1F3F800125F88 /* CheckboxContainer.swift */; };
		0794229F2A8E7E5400684513 /* GetCustomerViewController.swift in Sources */ = {isa = PBXBuildFile; fileRef = 0794229E2A8E7E5400684513 /* GetCustomerViewController.swift */; };
		079422A12A8E7E6B00684513 /* GetCustomerViewModel.swift in Sources */ = {isa = PBXBuildFile; fileRef = 079422A02A8E7E6B00684513 /* GetCustomerViewModel.swift */; };
		079422A32A90FE3F00684513 /* GetCustomer.swift in Sources */ = {isa = PBXBuildFile; fileRef = 079422A22A90FE3F00684513 /* GetCustomer.swift */; };
		079422A52A91072300684513 /* GetCustomerModels.swift in Sources */ = {isa = PBXBuildFile; fileRef = 079422A42A91072300684513 /* GetCustomerModels.swift */; };
		079422AB2A9107A100684513 /* poppins_semibold.ttf in Resources */ = {isa = PBXBuildFile; fileRef = 079422A82A9107A100684513 /* poppins_semibold.ttf */; };
		079422AC2A9107A100684513 /* poppins_medium.ttf in Resources */ = {isa = PBXBuildFile; fileRef = 079422A92A9107A100684513 /* poppins_medium.ttf */; };
		079422AD2A9107A100684513 /* poppins_regular.ttf in Resources */ = {isa = PBXBuildFile; fileRef = 079422AA2A9107A100684513 /* poppins_regular.ttf */; };
		079422B02A91214200684513 /* Fonts.swift in Sources */ = {isa = PBXBuildFile; fileRef = 079422AF2A91214200684513 /* Fonts.swift */; };
		079422B22A91234700684513 /* Constant.swift in Sources */ = {isa = PBXBuildFile; fileRef = 079422B12A91234700684513 /* Constant.swift */; };
		079422B52A912D8500684513 /* UIColor+Extension.swift in Sources */ = {isa = PBXBuildFile; fileRef = 079422B42A912D8500684513 /* UIColor+Extension.swift */; };
		079422B72A91FBAA00684513 /* SharedObject.swift in Sources */ = {isa = PBXBuildFile; fileRef = 079422B62A91FBAA00684513 /* SharedObject.swift */; };
		079422BA2A92045900684513 /* DashboardViewModel.swift in Sources */ = {isa = PBXBuildFile; fileRef = 079422B92A92045900684513 /* DashboardViewModel.swift */; };
		079422BC2A92046D00684513 /* DashboardViewController.swift in Sources */ = {isa = PBXBuildFile; fileRef = 079422BB2A92046D00684513 /* DashboardViewController.swift */; };
		07ABD1772A952BD600460A8A /* SignInModel.swift in Sources */ = {isa = PBXBuildFile; fileRef = 07ABD1762A952BD600460A8A /* SignInModel.swift */; };
		07B6575A2AD58BD300E6CA08 /* RealmManager.swift in Sources */ = {isa = PBXBuildFile; fileRef = 07B657592AD58BD300E6CA08 /* RealmManager.swift */; };
		07B6575D2ADD675F00E6CA08 /* LocalDataBaseWraper.swift in Sources */ = {isa = PBXBuildFile; fileRef = 07B6575C2ADD675F00E6CA08 /* LocalDataBaseWraper.swift */; };
		07B6575F2ADD984400E6CA08 /* JobStatusRequest.swift in Sources */ = {isa = PBXBuildFile; fileRef = 07B6575E2ADD984400E6CA08 /* JobStatusRequest.swift */; };
		07DCAD5B2AC154210002D2FF /* ScrollableStackView.swift in Sources */ = {isa = PBXBuildFile; fileRef = 07DCAD5A2AC154210002D2FF /* ScrollableStackView.swift */; };
		07DCAD5D2AC170C20002D2FF /* TextContainerView.swift in Sources */ = {isa = PBXBuildFile; fileRef = 07DCAD5C2AC170C20002D2FF /* TextContainerView.swift */; };
		07DCAD5F2AC1BDDA0002D2FF /* DropdownContainer.swift in Sources */ = {isa = PBXBuildFile; fileRef = 07DCAD5E2AC1BDDA0002D2FF /* DropdownContainer.swift */; };
		07DCAD612AC1BE8F0002D2FF /* VehicleTextField.swift in Sources */ = {isa = PBXBuildFile; fileRef = 07DCAD602AC1BE8F0002D2FF /* VehicleTextField.swift */; };
		07DCAD632AC31D840002D2FF /* NumberContainer.swift in Sources */ = {isa = PBXBuildFile; fileRef = 07DCAD622AC31D830002D2FF /* NumberContainer.swift */; };
		07DCAD652AC3556E0002D2FF /* BaseContainerView.swift in Sources */ = {isa = PBXBuildFile; fileRef = 07DCAD642AC3556E0002D2FF /* BaseContainerView.swift */; };
		07DCAD672AC355E40002D2FF /* String+Extension.swift in Sources */ = {isa = PBXBuildFile; fileRef = 07DCAD662AC355E40002D2FF /* String+Extension.swift */; };
		07DCAD692AC461DB0002D2FF /* VehicleStatusUpdateRequestModel.swift in Sources */ = {isa = PBXBuildFile; fileRef = 07DCAD682AC461DB0002D2FF /* VehicleStatusUpdateRequestModel.swift */; };
		07DCAD6B2AC48F0D0002D2FF /* UIStackview+extension.swift in Sources */ = {isa = PBXBuildFile; fileRef = 07DCAD6A2AC48F0D0002D2FF /* UIStackview+extension.swift */; };
		2B63F500AAC09FB522A46AD7 /* Pods_CTS_POD.framework in Frameworks */ = {isa = PBXBuildFile; fileRef = 040AAF3EBBE2122DB5EF9F66 /* Pods_CTS_POD.framework */; };
		949E1B4A1699706D8E03A7F5 /* Pods_CTS_POD_CTS_PODUITests.framework in Frameworks */ = {isa = PBXBuildFile; fileRef = 81A3368DE9A43064888E7B08 /* Pods_CTS_POD_CTS_PODUITests.framework */; };
		AB269F495F93B9734900A913 /* Pods_CTS_PODTests.framework in Frameworks */ = {isa = PBXBuildFile; fileRef = 315C1FFBC51599B6C3A70F9B /* Pods_CTS_PODTests.framework */; };
		D00F0AE02A96048E00F9F310 /* EnterCode.swift in Sources */ = {isa = PBXBuildFile; fileRef = D00F0ADF2A96048E00F9F310 /* EnterCode.swift */; };
		D00F0AE22A96049F00F9F310 /* EnterCodeViewController.swift in Sources */ = {isa = PBXBuildFile; fileRef = D00F0AE12A96049F00F9F310 /* EnterCodeViewController.swift */; };
		D00F0AE42A9604AB00F9F310 /* EnterCodeViewModel.swift in Sources */ = {isa = PBXBuildFile; fileRef = D00F0AE32A9604AB00F9F310 /* EnterCodeViewModel.swift */; };
		D022EA432A960CF600B44E4B /* ResetPassword.swift in Sources */ = {isa = PBXBuildFile; fileRef = D022EA422A960CF600B44E4B /* ResetPassword.swift */; };
		D022EA452A960D0100B44E4B /* ResetPasswordViewController.swift in Sources */ = {isa = PBXBuildFile; fileRef = D022EA442A960D0100B44E4B /* ResetPasswordViewController.swift */; };
		D022EA472A960D1000B44E4B /* ResetPasswordViewModel.swift in Sources */ = {isa = PBXBuildFile; fileRef = D022EA462A960D1000B44E4B /* ResetPasswordViewModel.swift */; };
		D0481D3C2AC1796100DC8A4C /* Preferances.swift in Sources */ = {isa = PBXBuildFile; fileRef = D0481D3B2AC1796100DC8A4C /* Preferances.swift */; };
		D04D28752AD12F4100C22A93 /* DeliveriesConfirmViewController.swift in Sources */ = {isa = PBXBuildFile; fileRef = D04D28742AD12F4100C22A93 /* DeliveriesConfirmViewController.swift */; };
		D04D28772AD12F5D00C22A93 /* DeliveriesConfirmViewModel.swift in Sources */ = {isa = PBXBuildFile; fileRef = D04D28762AD12F5D00C22A93 /* DeliveriesConfirmViewModel.swift */; };
		D04D28792AD135DE00C22A93 /* DeliveriesConfirm.swift in Sources */ = {isa = PBXBuildFile; fileRef = D04D28782AD135DE00C22A93 /* DeliveriesConfirm.swift */; };
		D04D287B2AD138A000C22A93 /* DeliveriesConfirmListTableViewCell.swift in Sources */ = {isa = PBXBuildFile; fileRef = D04D287A2AD138A000C22A93 /* DeliveriesConfirmListTableViewCell.swift */; };
		D094E8012A947D4500FDFD61 /* ForgotPasswordViewController.swift in Sources */ = {isa = PBXBuildFile; fileRef = D094E8002A947D4500FDFD61 /* ForgotPasswordViewController.swift */; };
		D094E8032A947DBD00FDFD61 /* ForgotPassword.swift in Sources */ = {isa = PBXBuildFile; fileRef = D094E8022A947DBD00FDFD61 /* ForgotPassword.swift */; };
		D094E8052A947E7300FDFD61 /* ForgotPasswordViewModel.swift in Sources */ = {isa = PBXBuildFile; fileRef = D094E8042A947E7300FDFD61 /* ForgotPasswordViewModel.swift */; };
		D0A9F7052A936F2100C87638 /* SignInViewController.swift in Sources */ = {isa = PBXBuildFile; fileRef = D0A9F7042A936F2100C87638 /* SignInViewController.swift */; };
		D0A9F7072A936F2D00C87638 /* SignInViewModel.swift in Sources */ = {isa = PBXBuildFile; fileRef = D0A9F7062A936F2D00C87638 /* SignInViewModel.swift */; };
		D0A9F7092A936F3C00C87638 /* SignIn.swift in Sources */ = {isa = PBXBuildFile; fileRef = D0A9F7082A936F3C00C87638 /* SignIn.swift */; };
		D0A9F70B2A93713C00C87638 /* BaseViewController.swift in Sources */ = {isa = PBXBuildFile; fileRef = D0A9F70A2A93713C00C87638 /* BaseViewController.swift */; };
		D0A9F70D2A93BD4600C87638 /* SignInUseCase.swift in Sources */ = {isa = PBXBuildFile; fileRef = D0A9F70C2A93BD4600C87638 /* SignInUseCase.swift */; };
		D0A9F70F2A93BDCE00C87638 /* SignInClient.swift in Sources */ = {isa = PBXBuildFile; fileRef = D0A9F70E2A93BDCE00C87638 /* SignInClient.swift */; };
/* End PBXBuildFile section */

/* Begin PBXContainerItemProxy section */
		07317FB32A7E2BE80066341F /* PBXContainerItemProxy */ = {
			isa = PBXContainerItemProxy;
			containerPortal = 07317F942A7E2BE10066341F /* Project object */;
			proxyType = 1;
			remoteGlobalIDString = 07317F9B2A7E2BE10066341F;
			remoteInfo = "CTS POD";
		};
		07317FBD2A7E2BE80066341F /* PBXContainerItemProxy */ = {
			isa = PBXContainerItemProxy;
			containerPortal = 07317F942A7E2BE10066341F /* Project object */;
			proxyType = 1;
			remoteGlobalIDString = 07317F9B2A7E2BE10066341F;
			remoteInfo = "CTS POD";
		};
/* End PBXContainerItemProxy section */

/* Begin PBXFileReference section */
		040AAF3EBBE2122DB5EF9F66 /* Pods_CTS_POD.framework */ = {isa = PBXFileReference; explicitFileType = wrapper.framework; includeInIndex = 0; path = Pods_CTS_POD.framework; sourceTree = BUILT_PRODUCTS_DIR; };
		07046A322A926CF30074C711 /* DashBoardCell.swift */ = {isa = PBXFileReference; lastKnownFileType = sourcecode.swift; path = DashBoardCell.swift; sourceTree = "<group>"; };
		07046A342A926E9E0074C711 /* Reusable.swift */ = {isa = PBXFileReference; lastKnownFileType = sourcecode.swift; path = Reusable.swift; sourceTree = "<group>"; };
		071882CD2A9213DE00EE4747 /* LocalTempStorage.swift */ = {isa = PBXFileReference; lastKnownFileType = sourcecode.swift; path = LocalTempStorage.swift; sourceTree = "<group>"; };
		071882CF2A92160E00EE4747 /* Dashboard.swift */ = {isa = PBXFileReference; lastKnownFileType = sourcecode.swift; path = Dashboard.swift; sourceTree = "<group>"; };
		07317F9C2A7E2BE10066341F /* CTS POD.app */ = {isa = PBXFileReference; explicitFileType = wrapper.application; includeInIndex = 0; path = "CTS POD.app"; sourceTree = BUILT_PRODUCTS_DIR; };
		07317F9F2A7E2BE10066341F /* AppDelegate.swift */ = {isa = PBXFileReference; lastKnownFileType = sourcecode.swift; path = AppDelegate.swift; sourceTree = "<group>"; };
		07317FA12A7E2BE10066341F /* SceneDelegate.swift */ = {isa = PBXFileReference; lastKnownFileType = sourcecode.swift; path = SceneDelegate.swift; sourceTree = "<group>"; };
		07317FA82A7E2BE80066341F /* Assets.xcassets */ = {isa = PBXFileReference; lastKnownFileType = folder.assetcatalog; path = Assets.xcassets; sourceTree = "<group>"; };
		07317FAB2A7E2BE80066341F /* Base */ = {isa = PBXFileReference; lastKnownFileType = file.storyboard; name = Base; path = Base.lproj/LaunchScreen.storyboard; sourceTree = "<group>"; };
		07317FAD2A7E2BE80066341F /* Info.plist */ = {isa = PBXFileReference; lastKnownFileType = text.plist.xml; path = Info.plist; sourceTree = "<group>"; };
		07317FB22A7E2BE80066341F /* CTS PODTests.xctest */ = {isa = PBXFileReference; explicitFileType = wrapper.cfbundle; includeInIndex = 0; path = "CTS PODTests.xctest"; sourceTree = BUILT_PRODUCTS_DIR; };
		07317FB62A7E2BE80066341F /* CTS_PODTests.swift */ = {isa = PBXFileReference; lastKnownFileType = sourcecode.swift; path = CTS_PODTests.swift; sourceTree = "<group>"; };
		07317FBC2A7E2BE80066341F /* CTS PODUITests.xctest */ = {isa = PBXFileReference; explicitFileType = wrapper.cfbundle; includeInIndex = 0; path = "CTS PODUITests.xctest"; sourceTree = BUILT_PRODUCTS_DIR; };
		07317FC02A7E2BE80066341F /* CTS_PODUITests.swift */ = {isa = PBXFileReference; lastKnownFileType = sourcecode.swift; path = CTS_PODUITests.swift; sourceTree = "<group>"; };
		07317FC22A7E2BE80066341F /* CTS_PODUITestsLaunchTests.swift */ = {isa = PBXFileReference; lastKnownFileType = sourcecode.swift; path = CTS_PODUITestsLaunchTests.swift; sourceTree = "<group>"; };
		07317FD22A7F55720066341F /* APIHandler.swift */ = {isa = PBXFileReference; lastKnownFileType = sourcecode.swift; path = APIHandler.swift; sourceTree = "<group>"; };
		07317FD42A7F56A50066341F /* NetworkEnums.swift */ = {isa = PBXFileReference; fileEncoding = 4; lastKnownFileType = sourcecode.swift; path = NetworkEnums.swift; sourceTree = "<group>"; };
		07317FD72A7FFEA40066341F /* GetCustomerClient.swift */ = {isa = PBXFileReference; lastKnownFileType = sourcecode.swift; path = GetCustomerClient.swift; sourceTree = "<group>"; };
		07317FD92A7FFEB70066341F /* GetConstomerUsecase.swift */ = {isa = PBXFileReference; lastKnownFileType = sourcecode.swift; path = GetConstomerUsecase.swift; sourceTree = "<group>"; };
		07668D072AD2F7D800D5AD3B /* JobConfirmClient.swift */ = {isa = PBXFileReference; lastKnownFileType = sourcecode.swift; path = JobConfirmClient.swift; sourceTree = "<group>"; };
		07668D092AD2F7F100D5AD3B /* JobConfirmUseCase.swift */ = {isa = PBXFileReference; lastKnownFileType = sourcecode.swift; path = JobConfirmUseCase.swift; sourceTree = "<group>"; };
		07668D0B2AD2F89000D5AD3B /* JobConfirmModel.swift */ = {isa = PBXFileReference; lastKnownFileType = sourcecode.swift; path = JobConfirmModel.swift; sourceTree = "<group>"; };
		0772F4BE2AA0ED10000951BF /* Date+Extension.swift */ = {isa = PBXFileReference; lastKnownFileType = sourcecode.swift; path = "Date+Extension.swift"; sourceTree = "<group>"; };
		0772F4C02AA0F230000951BF /* VehicleCheckListViewController.swift */ = {isa = PBXFileReference; lastKnownFileType = sourcecode.swift; path = VehicleCheckListViewController.swift; sourceTree = "<group>"; };
		0772F4C22AA0F24C000951BF /* VehicleCheckListViewModel.swift */ = {isa = PBXFileReference; lastKnownFileType = sourcecode.swift; path = VehicleCheckListViewModel.swift; sourceTree = "<group>"; };
		0772F4C62AA0F27A000951BF /* VehicleCheckListUsecase.swift */ = {isa = PBXFileReference; lastKnownFileType = sourcecode.swift; path = VehicleCheckListUsecase.swift; sourceTree = "<group>"; };
		0772F4C82AA0F293000951BF /* VehicleCheckListClient.swift */ = {isa = PBXFileReference; lastKnownFileType = sourcecode.swift; path = VehicleCheckListClient.swift; sourceTree = "<group>"; };
		0772F4CA2AA0F53E000951BF /* VehicleCheckListModels.swift */ = {isa = PBXFileReference; lastKnownFileType = sourcecode.swift; path = VehicleCheckListModels.swift; sourceTree = "<group>"; };
		0772F4CC2AA0F8B4000951BF /* VehicleCheckList.swift */ = {isa = PBXFileReference; lastKnownFileType = sourcecode.swift; path = VehicleCheckList.swift; sourceTree = "<group>"; };
		07835EB82A8739E60071A3AD /* EndpointProtocol.swift */ = {isa = PBXFileReference; lastKnownFileType = sourcecode.swift; path = EndpointProtocol.swift; sourceTree = "<group>"; };
		07835EBA2A874A640071A3AD /* URLRequest+Extension.swift */ = {isa = PBXFileReference; lastKnownFileType = sourcecode.swift; path = "URLRequest+Extension.swift"; sourceTree = "<group>"; };
		078B21212A9294FE000F6A1E /* SplashViewController.swift */ = {isa = PBXFileReference; lastKnownFileType = sourcecode.swift; path = SplashViewController.swift; sourceTree = "<group>"; };
		078E762A2A97C57B008F7F8A /* ForgotPasswordModels.swift */ = {isa = PBXFileReference; lastKnownFileType = sourcecode.swift; path = ForgotPasswordModels.swift; sourceTree = "<group>"; };
		078E762C2A98F051008F7F8A /* ValidateOTPModels.swift */ = {isa = PBXFileReference; lastKnownFileType = sourcecode.swift; path = ValidateOTPModels.swift; sourceTree = "<group>"; };
		078E762E2A9CB57E008F7F8A /* ResetPasswordRequest.swift */ = {isa = PBXFileReference; lastKnownFileType = sourcecode.swift; path = ResetPasswordRequest.swift; sourceTree = "<group>"; };
		078E76302A9CCB27008F7F8A /* NavigationController+Extension.swift */ = {isa = PBXFileReference; lastKnownFileType = sourcecode.swift; path = "NavigationController+Extension.swift"; sourceTree = "<group>"; };
		078F7E3E2AA1F3F800125F88 /* CheckboxContainer.swift */ = {isa = PBXFileReference; lastKnownFileType = sourcecode.swift; path = CheckboxContainer.swift; sourceTree = "<group>"; };
		0794229E2A8E7E5400684513 /* GetCustomerViewController.swift */ = {isa = PBXFileReference; lastKnownFileType = sourcecode.swift; path = GetCustomerViewController.swift; sourceTree = "<group>"; };
		079422A02A8E7E6B00684513 /* GetCustomerViewModel.swift */ = {isa = PBXFileReference; lastKnownFileType = sourcecode.swift; path = GetCustomerViewModel.swift; sourceTree = "<group>"; };
		079422A22A90FE3F00684513 /* GetCustomer.swift */ = {isa = PBXFileReference; lastKnownFileType = sourcecode.swift; path = GetCustomer.swift; sourceTree = "<group>"; };
		079422A42A91072300684513 /* GetCustomerModels.swift */ = {isa = PBXFileReference; lastKnownFileType = sourcecode.swift; path = GetCustomerModels.swift; sourceTree = "<group>"; };
		079422A82A9107A100684513 /* poppins_semibold.ttf */ = {isa = PBXFileReference; lastKnownFileType = file; path = poppins_semibold.ttf; sourceTree = "<group>"; };
		079422A92A9107A100684513 /* poppins_medium.ttf */ = {isa = PBXFileReference; lastKnownFileType = file; path = poppins_medium.ttf; sourceTree = "<group>"; };
		079422AA2A9107A100684513 /* poppins_regular.ttf */ = {isa = PBXFileReference; lastKnownFileType = file; path = poppins_regular.ttf; sourceTree = "<group>"; };
		079422AF2A91214200684513 /* Fonts.swift */ = {isa = PBXFileReference; lastKnownFileType = sourcecode.swift; path = Fonts.swift; sourceTree = "<group>"; };
		079422B12A91234700684513 /* Constant.swift */ = {isa = PBXFileReference; lastKnownFileType = sourcecode.swift; path = Constant.swift; sourceTree = "<group>"; };
		079422B42A912D8500684513 /* UIColor+Extension.swift */ = {isa = PBXFileReference; lastKnownFileType = sourcecode.swift; path = "UIColor+Extension.swift"; sourceTree = "<group>"; };
		079422B62A91FBAA00684513 /* SharedObject.swift */ = {isa = PBXFileReference; lastKnownFileType = sourcecode.swift; path = SharedObject.swift; sourceTree = "<group>"; };
		079422B92A92045900684513 /* DashboardViewModel.swift */ = {isa = PBXFileReference; lastKnownFileType = sourcecode.swift; path = DashboardViewModel.swift; sourceTree = "<group>"; };
		079422BB2A92046D00684513 /* DashboardViewController.swift */ = {isa = PBXFileReference; lastKnownFileType = sourcecode.swift; path = DashboardViewController.swift; sourceTree = "<group>"; };
		07ABD1762A952BD600460A8A /* SignInModel.swift */ = {isa = PBXFileReference; lastKnownFileType = sourcecode.swift; path = SignInModel.swift; sourceTree = "<group>"; };
		07B657592AD58BD300E6CA08 /* RealmManager.swift */ = {isa = PBXFileReference; lastKnownFileType = sourcecode.swift; path = RealmManager.swift; sourceTree = "<group>"; };
		07B6575C2ADD675F00E6CA08 /* LocalDataBaseWraper.swift */ = {isa = PBXFileReference; lastKnownFileType = sourcecode.swift; path = LocalDataBaseWraper.swift; sourceTree = "<group>"; };
		07B6575E2ADD984400E6CA08 /* JobStatusRequest.swift */ = {isa = PBXFileReference; lastKnownFileType = sourcecode.swift; path = JobStatusRequest.swift; sourceTree = "<group>"; };
		07DCAD5A2AC154210002D2FF /* ScrollableStackView.swift */ = {isa = PBXFileReference; lastKnownFileType = sourcecode.swift; path = ScrollableStackView.swift; sourceTree = "<group>"; };
		07DCAD5C2AC170C20002D2FF /* TextContainerView.swift */ = {isa = PBXFileReference; lastKnownFileType = sourcecode.swift; path = TextContainerView.swift; sourceTree = "<group>"; };
		07DCAD5E2AC1BDDA0002D2FF /* DropdownContainer.swift */ = {isa = PBXFileReference; lastKnownFileType = sourcecode.swift; path = DropdownContainer.swift; sourceTree = "<group>"; };
		07DCAD602AC1BE8F0002D2FF /* VehicleTextField.swift */ = {isa = PBXFileReference; lastKnownFileType = sourcecode.swift; path = VehicleTextField.swift; sourceTree = "<group>"; };
		07DCAD622AC31D830002D2FF /* NumberContainer.swift */ = {isa = PBXFileReference; lastKnownFileType = sourcecode.swift; path = NumberContainer.swift; sourceTree = "<group>"; };
		07DCAD642AC3556E0002D2FF /* BaseContainerView.swift */ = {isa = PBXFileReference; lastKnownFileType = sourcecode.swift; path = BaseContainerView.swift; sourceTree = "<group>"; };
		07DCAD662AC355E40002D2FF /* String+Extension.swift */ = {isa = PBXFileReference; lastKnownFileType = sourcecode.swift; path = "String+Extension.swift"; sourceTree = "<group>"; };
		07DCAD682AC461DB0002D2FF /* VehicleStatusUpdateRequestModel.swift */ = {isa = PBXFileReference; lastKnownFileType = sourcecode.swift; path = VehicleStatusUpdateRequestModel.swift; sourceTree = "<group>"; };
		07DCAD6A2AC48F0D0002D2FF /* UIStackview+extension.swift */ = {isa = PBXFileReference; lastKnownFileType = sourcecode.swift; path = "UIStackview+extension.swift"; sourceTree = "<group>"; };
		315C1FFBC51599B6C3A70F9B /* Pods_CTS_PODTests.framework */ = {isa = PBXFileReference; explicitFileType = wrapper.framework; includeInIndex = 0; path = Pods_CTS_PODTests.framework; sourceTree = BUILT_PRODUCTS_DIR; };
		61267F8948813E3BD457786C /* Pods-CTS POD-CTS PODUITests.release.xcconfig */ = {isa = PBXFileReference; includeInIndex = 1; lastKnownFileType = text.xcconfig; name = "Pods-CTS POD-CTS PODUITests.release.xcconfig"; path = "Target Support Files/Pods-CTS POD-CTS PODUITests/Pods-CTS POD-CTS PODUITests.release.xcconfig"; sourceTree = "<group>"; };
		81A3368DE9A43064888E7B08 /* Pods_CTS_POD_CTS_PODUITests.framework */ = {isa = PBXFileReference; explicitFileType = wrapper.framework; includeInIndex = 0; path = Pods_CTS_POD_CTS_PODUITests.framework; sourceTree = BUILT_PRODUCTS_DIR; };
		8DD0E45136CA5B4D6716F584 /* Pods-CTS POD.release.xcconfig */ = {isa = PBXFileReference; includeInIndex = 1; lastKnownFileType = text.xcconfig; name = "Pods-CTS POD.release.xcconfig"; path = "Target Support Files/Pods-CTS POD/Pods-CTS POD.release.xcconfig"; sourceTree = "<group>"; };
		A8BFD85A5BB426317E1E7825 /* Pods-CTS POD-CTS PODUITests.debug.xcconfig */ = {isa = PBXFileReference; includeInIndex = 1; lastKnownFileType = text.xcconfig; name = "Pods-CTS POD-CTS PODUITests.debug.xcconfig"; path = "Target Support Files/Pods-CTS POD-CTS PODUITests/Pods-CTS POD-CTS PODUITests.debug.xcconfig"; sourceTree = "<group>"; };
		CE7ADB1AF33682688DD46DCB /* Pods-CTS PODTests.release.xcconfig */ = {isa = PBXFileReference; includeInIndex = 1; lastKnownFileType = text.xcconfig; name = "Pods-CTS PODTests.release.xcconfig"; path = "Target Support Files/Pods-CTS PODTests/Pods-CTS PODTests.release.xcconfig"; sourceTree = "<group>"; };
		D00F0ADF2A96048E00F9F310 /* EnterCode.swift */ = {isa = PBXFileReference; lastKnownFileType = sourcecode.swift; path = EnterCode.swift; sourceTree = "<group>"; };
		D00F0AE12A96049F00F9F310 /* EnterCodeViewController.swift */ = {isa = PBXFileReference; lastKnownFileType = sourcecode.swift; path = EnterCodeViewController.swift; sourceTree = "<group>"; };
		D00F0AE32A9604AB00F9F310 /* EnterCodeViewModel.swift */ = {isa = PBXFileReference; lastKnownFileType = sourcecode.swift; path = EnterCodeViewModel.swift; sourceTree = "<group>"; };
		D022EA422A960CF600B44E4B /* ResetPassword.swift */ = {isa = PBXFileReference; lastKnownFileType = sourcecode.swift; path = ResetPassword.swift; sourceTree = "<group>"; };
		D022EA442A960D0100B44E4B /* ResetPasswordViewController.swift */ = {isa = PBXFileReference; lastKnownFileType = sourcecode.swift; path = ResetPasswordViewController.swift; sourceTree = "<group>"; };
		D022EA462A960D1000B44E4B /* ResetPasswordViewModel.swift */ = {isa = PBXFileReference; lastKnownFileType = sourcecode.swift; path = ResetPasswordViewModel.swift; sourceTree = "<group>"; };
		D0481D3B2AC1796100DC8A4C /* Preferances.swift */ = {isa = PBXFileReference; fileEncoding = 4; lastKnownFileType = sourcecode.swift; path = Preferances.swift; sourceTree = "<group>"; };
		D04D28742AD12F4100C22A93 /* DeliveriesConfirmViewController.swift */ = {isa = PBXFileReference; lastKnownFileType = sourcecode.swift; path = DeliveriesConfirmViewController.swift; sourceTree = "<group>"; };
		D04D28762AD12F5D00C22A93 /* DeliveriesConfirmViewModel.swift */ = {isa = PBXFileReference; lastKnownFileType = sourcecode.swift; path = DeliveriesConfirmViewModel.swift; sourceTree = "<group>"; };
		D04D28782AD135DE00C22A93 /* DeliveriesConfirm.swift */ = {isa = PBXFileReference; lastKnownFileType = sourcecode.swift; path = DeliveriesConfirm.swift; sourceTree = "<group>"; };
		D04D287A2AD138A000C22A93 /* DeliveriesConfirmListTableViewCell.swift */ = {isa = PBXFileReference; lastKnownFileType = sourcecode.swift; path = DeliveriesConfirmListTableViewCell.swift; sourceTree = "<group>"; };
		D094E8002A947D4500FDFD61 /* ForgotPasswordViewController.swift */ = {isa = PBXFileReference; lastKnownFileType = sourcecode.swift; path = ForgotPasswordViewController.swift; sourceTree = "<group>"; };
		D094E8022A947DBD00FDFD61 /* ForgotPassword.swift */ = {isa = PBXFileReference; lastKnownFileType = sourcecode.swift; path = ForgotPassword.swift; sourceTree = "<group>"; };
		D094E8042A947E7300FDFD61 /* ForgotPasswordViewModel.swift */ = {isa = PBXFileReference; lastKnownFileType = sourcecode.swift; path = ForgotPasswordViewModel.swift; sourceTree = "<group>"; };
		D0A9F7042A936F2100C87638 /* SignInViewController.swift */ = {isa = PBXFileReference; lastKnownFileType = sourcecode.swift; path = SignInViewController.swift; sourceTree = "<group>"; };
		D0A9F7062A936F2D00C87638 /* SignInViewModel.swift */ = {isa = PBXFileReference; lastKnownFileType = sourcecode.swift; path = SignInViewModel.swift; sourceTree = "<group>"; };
		D0A9F7082A936F3C00C87638 /* SignIn.swift */ = {isa = PBXFileReference; lastKnownFileType = sourcecode.swift; path = SignIn.swift; sourceTree = "<group>"; };
		D0A9F70A2A93713C00C87638 /* BaseViewController.swift */ = {isa = PBXFileReference; lastKnownFileType = sourcecode.swift; path = BaseViewController.swift; sourceTree = "<group>"; };
		D0A9F70C2A93BD4600C87638 /* SignInUseCase.swift */ = {isa = PBXFileReference; lastKnownFileType = sourcecode.swift; path = SignInUseCase.swift; sourceTree = "<group>"; };
		D0A9F70E2A93BDCE00C87638 /* SignInClient.swift */ = {isa = PBXFileReference; lastKnownFileType = sourcecode.swift; path = SignInClient.swift; sourceTree = "<group>"; };
		DCE5216669F67F6A3CB6076C /* Pods-CTS PODTests.debug.xcconfig */ = {isa = PBXFileReference; includeInIndex = 1; lastKnownFileType = text.xcconfig; name = "Pods-CTS PODTests.debug.xcconfig"; path = "Target Support Files/Pods-CTS PODTests/Pods-CTS PODTests.debug.xcconfig"; sourceTree = "<group>"; };
		DD7794EF65ADE2313D6343AA /* Pods-CTS POD.debug.xcconfig */ = {isa = PBXFileReference; includeInIndex = 1; lastKnownFileType = text.xcconfig; name = "Pods-CTS POD.debug.xcconfig"; path = "Target Support Files/Pods-CTS POD/Pods-CTS POD.debug.xcconfig"; sourceTree = "<group>"; };
/* End PBXFileReference section */

/* Begin PBXFrameworksBuildPhase section */
		07317F992A7E2BE10066341F /* Frameworks */ = {
			isa = PBXFrameworksBuildPhase;
			buildActionMask = 2147483647;
			files = (
				2B63F500AAC09FB522A46AD7 /* Pods_CTS_POD.framework in Frameworks */,
			);
			runOnlyForDeploymentPostprocessing = 0;
		};
		07317FAF2A7E2BE80066341F /* Frameworks */ = {
			isa = PBXFrameworksBuildPhase;
			buildActionMask = 2147483647;
			files = (
				AB269F495F93B9734900A913 /* Pods_CTS_PODTests.framework in Frameworks */,
			);
			runOnlyForDeploymentPostprocessing = 0;
		};
		07317FB92A7E2BE80066341F /* Frameworks */ = {
			isa = PBXFrameworksBuildPhase;
			buildActionMask = 2147483647;
			files = (
				949E1B4A1699706D8E03A7F5 /* Pods_CTS_POD_CTS_PODUITests.framework in Frameworks */,
			);
			runOnlyForDeploymentPostprocessing = 0;
		};
/* End PBXFrameworksBuildPhase section */

/* Begin PBXGroup section */
		07317F932A7E2BE10066341F = {
			isa = PBXGroup;
			children = (
				07317F9E2A7E2BE10066341F /* CTS POD */,
				07317FB52A7E2BE80066341F /* CTS PODTests */,
				07317FBF2A7E2BE80066341F /* CTS PODUITests */,
				07317F9D2A7E2BE10066341F /* Products */,
				A13A6CA8C99B00F559B518F8 /* Pods */,
				A091F4A7635ABFF1798BDAF6 /* Frameworks */,
			);
			sourceTree = "<group>";
		};
		07317F9D2A7E2BE10066341F /* Products */ = {
			isa = PBXGroup;
			children = (
				07317F9C2A7E2BE10066341F /* CTS POD.app */,
				07317FB22A7E2BE80066341F /* CTS PODTests.xctest */,
				07317FBC2A7E2BE80066341F /* CTS PODUITests.xctest */,
			);
			name = Products;
			sourceTree = "<group>";
		};
		07317F9E2A7E2BE10066341F /* CTS POD */ = {
			isa = PBXGroup;
			children = (
				07B6575B2ADD673800E6CA08 /* LocalDataBase */,
				079422B32A912D6D00684513 /* Extension */,
				079422AE2A91213500684513 /* Common */,
				079422A62A91076B00684513 /* Assets */,
				07317FD12A7F55520066341F /* APIHandler */,
				07317FCF2A7E30DE0066341F /* Module */,
				07317F9F2A7E2BE10066341F /* AppDelegate.swift */,
				07317FA12A7E2BE10066341F /* SceneDelegate.swift */,
				07317FAA2A7E2BE80066341F /* LaunchScreen.storyboard */,
				07317FAD2A7E2BE80066341F /* Info.plist */,
				078B21212A9294FE000F6A1E /* SplashViewController.swift */,
			);
			path = "CTS POD";
			sourceTree = "<group>";
		};
		07317FB52A7E2BE80066341F /* CTS PODTests */ = {
			isa = PBXGroup;
			children = (
				07317FB62A7E2BE80066341F /* CTS_PODTests.swift */,
			);
			path = "CTS PODTests";
			sourceTree = "<group>";
		};
		07317FBF2A7E2BE80066341F /* CTS PODUITests */ = {
			isa = PBXGroup;
			children = (
				07317FC02A7E2BE80066341F /* CTS_PODUITests.swift */,
				07317FC22A7E2BE80066341F /* CTS_PODUITestsLaunchTests.swift */,
			);
			path = "CTS PODUITests";
			sourceTree = "<group>";
		};
		07317FCF2A7E30DE0066341F /* Module */ = {
			isa = PBXGroup;
			children = (
				0772F4BD2AA0C28D000951BF /* VehicleChecklist */,
				D04D28712AD12EAF00C22A93 /* DeliveriesConfirm */,
				075E2B1D2AD2D74B00CD3942 /* JobConfirm */,
				D022EA412A960CE200B44E4B /* ResetPassword */,
				D00F0ADE2A96047600F9F310 /* EnterCode */,
				D094E7FF2A947D2F00FDFD61 /* ForgotPassword */,
				D0A9F7032A933A1E00C87638 /* SignIn */,
				079422B82A92044300684513 /* Dashboard */,
				07317FD02A7E30E90066341F /* GetCustomer */,
			);
			path = Module;
			sourceTree = "<group>";
		};
		07317FD02A7E30E90066341F /* GetCustomer */ = {
			isa = PBXGroup;
			children = (
				07317FD72A7FFEA40066341F /* GetCustomerClient.swift */,
				07317FD92A7FFEB70066341F /* GetConstomerUsecase.swift */,
				0794229E2A8E7E5400684513 /* GetCustomerViewController.swift */,
				079422A02A8E7E6B00684513 /* GetCustomerViewModel.swift */,
				079422A22A90FE3F00684513 /* GetCustomer.swift */,
				079422A42A91072300684513 /* GetCustomerModels.swift */,
			);
			path = GetCustomer;
			sourceTree = "<group>";
		};
		07317FD12A7F55520066341F /* APIHandler */ = {
			isa = PBXGroup;
			children = (
				07317FD62A7FFE820066341F /* APIClasses */,
				07317FD42A7F56A50066341F /* NetworkEnums.swift */,
				07317FD22A7F55720066341F /* APIHandler.swift */,
			);
			path = APIHandler;
			sourceTree = "<group>";
		};
		07317FD62A7FFE820066341F /* APIClasses */ = {
			isa = PBXGroup;
			children = (
				07835EB82A8739E60071A3AD /* EndpointProtocol.swift */,
				07835EBA2A874A640071A3AD /* URLRequest+Extension.swift */,
			);
			path = APIClasses;
			sourceTree = "<group>";
		};
		075E2B1D2AD2D74B00CD3942 /* JobConfirm */ = {
			isa = PBXGroup;
			children = (
				07668D072AD2F7D800D5AD3B /* JobConfirmClient.swift */,
				07668D092AD2F7F100D5AD3B /* JobConfirmUseCase.swift */,
				07668D0B2AD2F89000D5AD3B /* JobConfirmModel.swift */,
				07B6575E2ADD984400E6CA08 /* JobStatusRequest.swift */,
			);
			path = JobConfirm;
			sourceTree = "<group>";
		};
		0772F4BD2AA0C28D000951BF /* VehicleChecklist */ = {
			isa = PBXGroup;
			children = (
				078F7E3D2AA1F3DA00125F88 /* Views */,
				0772F4C02AA0F230000951BF /* VehicleCheckListViewController.swift */,
				0772F4C22AA0F24C000951BF /* VehicleCheckListViewModel.swift */,
				0772F4C62AA0F27A000951BF /* VehicleCheckListUsecase.swift */,
				0772F4C82AA0F293000951BF /* VehicleCheckListClient.swift */,
				0772F4CA2AA0F53E000951BF /* VehicleCheckListModels.swift */,
				0772F4CC2AA0F8B4000951BF /* VehicleCheckList.swift */,
				07DCAD682AC461DB0002D2FF /* VehicleStatusUpdateRequestModel.swift */,
			);
			path = VehicleChecklist;
			sourceTree = "<group>";
		};
		078F7E3D2AA1F3DA00125F88 /* Views */ = {
			isa = PBXGroup;
			children = (
				078F7E3E2AA1F3F800125F88 /* CheckboxContainer.swift */,
				07DCAD5C2AC170C20002D2FF /* TextContainerView.swift */,
				07DCAD5E2AC1BDDA0002D2FF /* DropdownContainer.swift */,
				07DCAD622AC31D830002D2FF /* NumberContainer.swift */,
				07DCAD642AC3556E0002D2FF /* BaseContainerView.swift */,
			);
			path = Views;
			sourceTree = "<group>";
		};
		079422A62A91076B00684513 /* Assets */ = {
			isa = PBXGroup;
			children = (
				079422A72A91078800684513 /* Fonts */,
				07317FA82A7E2BE80066341F /* Assets.xcassets */,
			);
			path = Assets;
			sourceTree = "<group>";
		};
		079422A72A91078800684513 /* Fonts */ = {
			isa = PBXGroup;
			children = (
				079422A92A9107A100684513 /* poppins_medium.ttf */,
				079422AA2A9107A100684513 /* poppins_regular.ttf */,
				079422A82A9107A100684513 /* poppins_semibold.ttf */,
			);
			path = Fonts;
			sourceTree = "<group>";
		};
		079422AE2A91213500684513 /* Common */ = {
			isa = PBXGroup;
			children = (
				07DCAD602AC1BE8F0002D2FF /* VehicleTextField.swift */,
				07DCAD5A2AC154210002D2FF /* ScrollableStackView.swift */,
				079422AF2A91214200684513 /* Fonts.swift */,
				079422B12A91234700684513 /* Constant.swift */,
				079422B62A91FBAA00684513 /* SharedObject.swift */,
				071882CD2A9213DE00EE4747 /* LocalTempStorage.swift */,
				D0481D3B2AC1796100DC8A4C /* Preferances.swift */,
				07046A342A926E9E0074C711 /* Reusable.swift */,
				D0A9F70A2A93713C00C87638 /* BaseViewController.swift */,
			);
			path = Common;
			sourceTree = "<group>";
		};
		079422B32A912D6D00684513 /* Extension */ = {
			isa = PBXGroup;
			children = (
				079422B42A912D8500684513 /* UIColor+Extension.swift */,
				078E76302A9CCB27008F7F8A /* NavigationController+Extension.swift */,
				0772F4BE2AA0ED10000951BF /* Date+Extension.swift */,
				07DCAD662AC355E40002D2FF /* String+Extension.swift */,
				07DCAD6A2AC48F0D0002D2FF /* UIStackview+extension.swift */,
			);
			path = Extension;
			sourceTree = "<group>";
		};
		079422B82A92044300684513 /* Dashboard */ = {
			isa = PBXGroup;
			children = (
				079422B92A92045900684513 /* DashboardViewModel.swift */,
				079422BB2A92046D00684513 /* DashboardViewController.swift */,
				071882CF2A92160E00EE4747 /* Dashboard.swift */,
				07046A322A926CF30074C711 /* DashBoardCell.swift */,
			);
			path = Dashboard;
			sourceTree = "<group>";
		};
		07B6575B2ADD673800E6CA08 /* LocalDataBase */ = {
			isa = PBXGroup;
			children = (
				07B657592AD58BD300E6CA08 /* RealmManager.swift */,
				07B6575C2ADD675F00E6CA08 /* LocalDataBaseWraper.swift */,
			);
			path = LocalDataBase;
			sourceTree = "<group>";
		};
		A091F4A7635ABFF1798BDAF6 /* Frameworks */ = {
			isa = PBXGroup;
			children = (
				040AAF3EBBE2122DB5EF9F66 /* Pods_CTS_POD.framework */,
				81A3368DE9A43064888E7B08 /* Pods_CTS_POD_CTS_PODUITests.framework */,
				315C1FFBC51599B6C3A70F9B /* Pods_CTS_PODTests.framework */,
			);
			name = Frameworks;
			sourceTree = "<group>";
		};
		A13A6CA8C99B00F559B518F8 /* Pods */ = {
			isa = PBXGroup;
			children = (
				DD7794EF65ADE2313D6343AA /* Pods-CTS POD.debug.xcconfig */,
				8DD0E45136CA5B4D6716F584 /* Pods-CTS POD.release.xcconfig */,
				A8BFD85A5BB426317E1E7825 /* Pods-CTS POD-CTS PODUITests.debug.xcconfig */,
				61267F8948813E3BD457786C /* Pods-CTS POD-CTS PODUITests.release.xcconfig */,
				DCE5216669F67F6A3CB6076C /* Pods-CTS PODTests.debug.xcconfig */,
				CE7ADB1AF33682688DD46DCB /* Pods-CTS PODTests.release.xcconfig */,
			);
			path = Pods;
			sourceTree = "<group>";
		};
		D00F0ADE2A96047600F9F310 /* EnterCode */ = {
			isa = PBXGroup;
			children = (
				D00F0ADF2A96048E00F9F310 /* EnterCode.swift */,
				D00F0AE12A96049F00F9F310 /* EnterCodeViewController.swift */,
				D00F0AE32A9604AB00F9F310 /* EnterCodeViewModel.swift */,
				078E762C2A98F051008F7F8A /* ValidateOTPModels.swift */,
			);
			path = EnterCode;
			sourceTree = "<group>";
		};
		D022EA412A960CE200B44E4B /* ResetPassword */ = {
			isa = PBXGroup;
			children = (
				D022EA422A960CF600B44E4B /* ResetPassword.swift */,
				D022EA442A960D0100B44E4B /* ResetPasswordViewController.swift */,
				D022EA462A960D1000B44E4B /* ResetPasswordViewModel.swift */,
				078E762E2A9CB57E008F7F8A /* ResetPasswordRequest.swift */,
			);
			path = ResetPassword;
			sourceTree = "<group>";
		};
		D04D28712AD12EAF00C22A93 /* DeliveriesConfirm */ = {
			isa = PBXGroup;
			children = (
				D04D28742AD12F4100C22A93 /* DeliveriesConfirmViewController.swift */,
				D04D28782AD135DE00C22A93 /* DeliveriesConfirm.swift */,
				D04D28762AD12F5D00C22A93 /* DeliveriesConfirmViewModel.swift */,
				D04D287A2AD138A000C22A93 /* DeliveriesConfirmListTableViewCell.swift */,
			);
			path = DeliveriesConfirm;
			sourceTree = "<group>";
		};
		D094E7FF2A947D2F00FDFD61 /* ForgotPassword */ = {
			isa = PBXGroup;
			children = (
				D094E8002A947D4500FDFD61 /* ForgotPasswordViewController.swift */,
				D094E8022A947DBD00FDFD61 /* ForgotPassword.swift */,
				D094E8042A947E7300FDFD61 /* ForgotPasswordViewModel.swift */,
				078E762A2A97C57B008F7F8A /* ForgotPasswordModels.swift */,
			);
			path = ForgotPassword;
			sourceTree = "<group>";
		};
		D0A9F7032A933A1E00C87638 /* SignIn */ = {
			isa = PBXGroup;
			children = (
				D0A9F7042A936F2100C87638 /* SignInViewController.swift */,
				D0A9F70C2A93BD4600C87638 /* SignInUseCase.swift */,
				D0A9F7082A936F3C00C87638 /* SignIn.swift */,
				D0A9F7062A936F2D00C87638 /* SignInViewModel.swift */,
				D0A9F70E2A93BDCE00C87638 /* SignInClient.swift */,
				07ABD1762A952BD600460A8A /* SignInModel.swift */,
			);
			path = SignIn;
			sourceTree = "<group>";
		};
/* End PBXGroup section */

/* Begin PBXNativeTarget section */
		07317F9B2A7E2BE10066341F /* CTS POD */ = {
			isa = PBXNativeTarget;
			buildConfigurationList = 07317FC62A7E2BE80066341F /* Build configuration list for PBXNativeTarget "CTS POD" */;
			buildPhases = (
				EB2CE6190E6D72339B83E838 /* [CP] Check Pods Manifest.lock */,
				07317F982A7E2BE10066341F /* Sources */,
				07317F992A7E2BE10066341F /* Frameworks */,
				07317F9A2A7E2BE10066341F /* Resources */,
				250D05076856217FAF0A88C2 /* [CP] Embed Pods Frameworks */,
			);
			buildRules = (
			);
			dependencies = (
			);
			name = "CTS POD";
			productName = "CTS POD";
			productReference = 07317F9C2A7E2BE10066341F /* CTS POD.app */;
			productType = "com.apple.product-type.application";
		};
		07317FB12A7E2BE80066341F /* CTS PODTests */ = {
			isa = PBXNativeTarget;
			buildConfigurationList = 07317FC92A7E2BE80066341F /* Build configuration list for PBXNativeTarget "CTS PODTests" */;
			buildPhases = (
				AA230D861601F8D9D5102FE8 /* [CP] Check Pods Manifest.lock */,
				07317FAE2A7E2BE80066341F /* Sources */,
				07317FAF2A7E2BE80066341F /* Frameworks */,
				07317FB02A7E2BE80066341F /* Resources */,
			);
			buildRules = (
			);
			dependencies = (
				07317FB42A7E2BE80066341F /* PBXTargetDependency */,
			);
			name = "CTS PODTests";
			productName = "CTS PODTests";
			productReference = 07317FB22A7E2BE80066341F /* CTS PODTests.xctest */;
			productType = "com.apple.product-type.bundle.unit-test";
		};
		07317FBB2A7E2BE80066341F /* CTS PODUITests */ = {
			isa = PBXNativeTarget;
			buildConfigurationList = 07317FCC2A7E2BE80066341F /* Build configuration list for PBXNativeTarget "CTS PODUITests" */;
			buildPhases = (
				205BD947E65190786BFB7BD2 /* [CP] Check Pods Manifest.lock */,
				07317FB82A7E2BE80066341F /* Sources */,
				07317FB92A7E2BE80066341F /* Frameworks */,
				07317FBA2A7E2BE80066341F /* Resources */,
				05C53FD4C37F875B4F91498B /* [CP] Embed Pods Frameworks */,
			);
			buildRules = (
			);
			dependencies = (
				07317FBE2A7E2BE80066341F /* PBXTargetDependency */,
			);
			name = "CTS PODUITests";
			productName = "CTS PODUITests";
			productReference = 07317FBC2A7E2BE80066341F /* CTS PODUITests.xctest */;
			productType = "com.apple.product-type.bundle.ui-testing";
		};
/* End PBXNativeTarget section */

/* Begin PBXProject section */
		07317F942A7E2BE10066341F /* Project object */ = {
			isa = PBXProject;
			attributes = {
				BuildIndependentTargetsInParallel = 1;
				LastSwiftUpdateCheck = 1340;
				LastUpgradeCheck = 1340;
				TargetAttributes = {
					07317F9B2A7E2BE10066341F = {
						CreatedOnToolsVersion = 13.4.1;
					};
					07317FB12A7E2BE80066341F = {
						CreatedOnToolsVersion = 13.4.1;
						TestTargetID = 07317F9B2A7E2BE10066341F;
					};
					07317FBB2A7E2BE80066341F = {
						CreatedOnToolsVersion = 13.4.1;
						TestTargetID = 07317F9B2A7E2BE10066341F;
					};
				};
			};
			buildConfigurationList = 07317F972A7E2BE10066341F /* Build configuration list for PBXProject "CTS POD" */;
			compatibilityVersion = "Xcode 13.0";
			developmentRegion = en;
			hasScannedForEncodings = 0;
			knownRegions = (
				en,
				Base,
			);
			mainGroup = 07317F932A7E2BE10066341F;
			productRefGroup = 07317F9D2A7E2BE10066341F /* Products */;
			projectDirPath = "";
			projectRoot = "";
			targets = (
				07317F9B2A7E2BE10066341F /* CTS POD */,
				07317FB12A7E2BE80066341F /* CTS PODTests */,
				07317FBB2A7E2BE80066341F /* CTS PODUITests */,
			);
		};
/* End PBXProject section */

/* Begin PBXResourcesBuildPhase section */
		07317F9A2A7E2BE10066341F /* Resources */ = {
			isa = PBXResourcesBuildPhase;
			buildActionMask = 2147483647;
			files = (
				079422AD2A9107A100684513 /* poppins_regular.ttf in Resources */,
				07317FAC2A7E2BE80066341F /* LaunchScreen.storyboard in Resources */,
				07317FA92A7E2BE80066341F /* Assets.xcassets in Resources */,
				079422AB2A9107A100684513 /* poppins_semibold.ttf in Resources */,
				079422AC2A9107A100684513 /* poppins_medium.ttf in Resources */,
			);
			runOnlyForDeploymentPostprocessing = 0;
		};
		07317FB02A7E2BE80066341F /* Resources */ = {
			isa = PBXResourcesBuildPhase;
			buildActionMask = 2147483647;
			files = (
			);
			runOnlyForDeploymentPostprocessing = 0;
		};
		07317FBA2A7E2BE80066341F /* Resources */ = {
			isa = PBXResourcesBuildPhase;
			buildActionMask = 2147483647;
			files = (
			);
			runOnlyForDeploymentPostprocessing = 0;
		};
/* End PBXResourcesBuildPhase section */

/* Begin PBXShellScriptBuildPhase section */
		05C53FD4C37F875B4F91498B /* [CP] Embed Pods Frameworks */ = {
			isa = PBXShellScriptBuildPhase;
			buildActionMask = 2147483647;
			files = (
			);
			inputFileListPaths = (
				"${PODS_ROOT}/Target Support Files/Pods-CTS POD-CTS PODUITests/Pods-CTS POD-CTS PODUITests-frameworks-${CONFIGURATION}-input-files.xcfilelist",
			);
			name = "[CP] Embed Pods Frameworks";
			outputFileListPaths = (
				"${PODS_ROOT}/Target Support Files/Pods-CTS POD-CTS PODUITests/Pods-CTS POD-CTS PODUITests-frameworks-${CONFIGURATION}-output-files.xcfilelist",
			);
			runOnlyForDeploymentPostprocessing = 0;
			shellPath = /bin/sh;
			shellScript = "\"${PODS_ROOT}/Target Support Files/Pods-CTS POD-CTS PODUITests/Pods-CTS POD-CTS PODUITests-frameworks.sh\"\n";
			showEnvVarsInLog = 0;
		};
		205BD947E65190786BFB7BD2 /* [CP] Check Pods Manifest.lock */ = {
			isa = PBXShellScriptBuildPhase;
			buildActionMask = 2147483647;
			files = (
			);
			inputFileListPaths = (
			);
			inputPaths = (
				"${PODS_PODFILE_DIR_PATH}/Podfile.lock",
				"${PODS_ROOT}/Manifest.lock",
			);
			name = "[CP] Check Pods Manifest.lock";
			outputFileListPaths = (
			);
			outputPaths = (
				"$(DERIVED_FILE_DIR)/Pods-CTS POD-CTS PODUITests-checkManifestLockResult.txt",
			);
			runOnlyForDeploymentPostprocessing = 0;
			shellPath = /bin/sh;
			shellScript = "diff \"${PODS_PODFILE_DIR_PATH}/Podfile.lock\" \"${PODS_ROOT}/Manifest.lock\" > /dev/null\nif [ $? != 0 ] ; then\n    # print error to STDERR\n    echo \"error: The sandbox is not in sync with the Podfile.lock. Run 'pod install' or update your CocoaPods installation.\" >&2\n    exit 1\nfi\n# This output is used by Xcode 'outputs' to avoid re-running this script phase.\necho \"SUCCESS\" > \"${SCRIPT_OUTPUT_FILE_0}\"\n";
			showEnvVarsInLog = 0;
		};
		250D05076856217FAF0A88C2 /* [CP] Embed Pods Frameworks */ = {
			isa = PBXShellScriptBuildPhase;
			buildActionMask = 2147483647;
			files = (
			);
			inputFileListPaths = (
				"${PODS_ROOT}/Target Support Files/Pods-CTS POD/Pods-CTS POD-frameworks-${CONFIGURATION}-input-files.xcfilelist",
			);
			name = "[CP] Embed Pods Frameworks";
			outputFileListPaths = (
				"${PODS_ROOT}/Target Support Files/Pods-CTS POD/Pods-CTS POD-frameworks-${CONFIGURATION}-output-files.xcfilelist",
			);
			runOnlyForDeploymentPostprocessing = 0;
			shellPath = /bin/sh;
			shellScript = "\"${PODS_ROOT}/Target Support Files/Pods-CTS POD/Pods-CTS POD-frameworks.sh\"\n";
			showEnvVarsInLog = 0;
		};
		AA230D861601F8D9D5102FE8 /* [CP] Check Pods Manifest.lock */ = {
			isa = PBXShellScriptBuildPhase;
			buildActionMask = 2147483647;
			files = (
			);
			inputFileListPaths = (
			);
			inputPaths = (
				"${PODS_PODFILE_DIR_PATH}/Podfile.lock",
				"${PODS_ROOT}/Manifest.lock",
			);
			name = "[CP] Check Pods Manifest.lock";
			outputFileListPaths = (
			);
			outputPaths = (
				"$(DERIVED_FILE_DIR)/Pods-CTS PODTests-checkManifestLockResult.txt",
			);
			runOnlyForDeploymentPostprocessing = 0;
			shellPath = /bin/sh;
			shellScript = "diff \"${PODS_PODFILE_DIR_PATH}/Podfile.lock\" \"${PODS_ROOT}/Manifest.lock\" > /dev/null\nif [ $? != 0 ] ; then\n    # print error to STDERR\n    echo \"error: The sandbox is not in sync with the Podfile.lock. Run 'pod install' or update your CocoaPods installation.\" >&2\n    exit 1\nfi\n# This output is used by Xcode 'outputs' to avoid re-running this script phase.\necho \"SUCCESS\" > \"${SCRIPT_OUTPUT_FILE_0}\"\n";
			showEnvVarsInLog = 0;
		};
		EB2CE6190E6D72339B83E838 /* [CP] Check Pods Manifest.lock */ = {
			isa = PBXShellScriptBuildPhase;
			buildActionMask = 2147483647;
			files = (
			);
			inputFileListPaths = (
			);
			inputPaths = (
				"${PODS_PODFILE_DIR_PATH}/Podfile.lock",
				"${PODS_ROOT}/Manifest.lock",
			);
			name = "[CP] Check Pods Manifest.lock";
			outputFileListPaths = (
			);
			outputPaths = (
				"$(DERIVED_FILE_DIR)/Pods-CTS POD-checkManifestLockResult.txt",
			);
			runOnlyForDeploymentPostprocessing = 0;
			shellPath = /bin/sh;
			shellScript = "diff \"${PODS_PODFILE_DIR_PATH}/Podfile.lock\" \"${PODS_ROOT}/Manifest.lock\" > /dev/null\nif [ $? != 0 ] ; then\n    # print error to STDERR\n    echo \"error: The sandbox is not in sync with the Podfile.lock. Run 'pod install' or update your CocoaPods installation.\" >&2\n    exit 1\nfi\n# This output is used by Xcode 'outputs' to avoid re-running this script phase.\necho \"SUCCESS\" > \"${SCRIPT_OUTPUT_FILE_0}\"\n";
			showEnvVarsInLog = 0;
		};
/* End PBXShellScriptBuildPhase section */

/* Begin PBXSourcesBuildPhase section */
		07317F982A7E2BE10066341F /* Sources */ = {
			isa = PBXSourcesBuildPhase;
			buildActionMask = 2147483647;
			files = (
				07DCAD612AC1BE8F0002D2FF /* VehicleTextField.swift in Sources */,
				07668D0A2AD2F7F100D5AD3B /* JobConfirmUseCase.swift in Sources */,
				079422B02A91214200684513 /* Fonts.swift in Sources */,
				0772F4BF2AA0ED10000951BF /* Date+Extension.swift in Sources */,
				D022EA472A960D1000B44E4B /* ResetPasswordViewModel.swift in Sources */,
				D0481D3C2AC1796100DC8A4C /* Preferances.swift in Sources */,
				D0A9F7092A936F3C00C87638 /* SignIn.swift in Sources */,
				07DCAD6B2AC48F0D0002D2FF /* UIStackview+extension.swift in Sources */,
				07DCAD632AC31D840002D2FF /* NumberContainer.swift in Sources */,
				078F7E3F2AA1F3F800125F88 /* CheckboxContainer.swift in Sources */,
				D00F0AE22A96049F00F9F310 /* EnterCodeViewController.swift in Sources */,
				07DCAD5F2AC1BDDA0002D2FF /* DropdownContainer.swift in Sources */,
				D0A9F70F2A93BDCE00C87638 /* SignInClient.swift in Sources */,
				079422BC2A92046D00684513 /* DashboardViewController.swift in Sources */,
				071882D02A92160E00EE4747 /* Dashboard.swift in Sources */,
				078E76312A9CCB27008F7F8A /* NavigationController+Extension.swift in Sources */,
				07317FD52A7F56A50066341F /* NetworkEnums.swift in Sources */,
				0772F4C32AA0F24C000951BF /* VehicleCheckListViewModel.swift in Sources */,
				D04D28752AD12F4100C22A93 /* DeliveriesConfirmViewController.swift in Sources */,
				078E762F2A9CB57E008F7F8A /* ResetPasswordRequest.swift in Sources */,
				0772F4CB2AA0F53E000951BF /* VehicleCheckListModels.swift in Sources */,
				D0A9F70B2A93713C00C87638 /* BaseViewController.swift in Sources */,
				079422B22A91234700684513 /* Constant.swift in Sources */,
				07DCAD5B2AC154210002D2FF /* ScrollableStackView.swift in Sources */,
				D022EA452A960D0100B44E4B /* ResetPasswordViewController.swift in Sources */,
				D094E8052A947E7300FDFD61 /* ForgotPasswordViewModel.swift in Sources */,
				0772F4C92AA0F293000951BF /* VehicleCheckListClient.swift in Sources */,
				078B21222A9294FE000F6A1E /* SplashViewController.swift in Sources */,
				0772F4CD2AA0F8B4000951BF /* VehicleCheckList.swift in Sources */,
				07046A332A926CF40074C711 /* DashBoardCell.swift in Sources */,
				D022EA432A960CF600B44E4B /* ResetPassword.swift in Sources */,
				07835EBB2A874A640071A3AD /* URLRequest+Extension.swift in Sources */,
				07668D082AD2F7D800D5AD3B /* JobConfirmClient.swift in Sources */,
				07317FA02A7E2BE10066341F /* AppDelegate.swift in Sources */,
				07317FD82A7FFEA40066341F /* GetCustomerClient.swift in Sources */,
				07835EB92A8739E60071A3AD /* EndpointProtocol.swift in Sources */,
				071882CE2A9213DE00EE4747 /* LocalTempStorage.swift in Sources */,
				079422A52A91072300684513 /* GetCustomerModels.swift in Sources */,
				07B6575D2ADD675F00E6CA08 /* LocalDataBaseWraper.swift in Sources */,
				078E762D2A98F051008F7F8A /* ValidateOTPModels.swift in Sources */,
				078E762B2A97C57B008F7F8A /* ForgotPasswordModels.swift in Sources */,
				07DCAD692AC461DB0002D2FF /* VehicleStatusUpdateRequestModel.swift in Sources */,
				07046A352A926E9E0074C711 /* Reusable.swift in Sources */,
				D04D287B2AD138A000C22A93 /* DeliveriesConfirmListTableViewCell.swift in Sources */,
				D0A9F7072A936F2D00C87638 /* SignInViewModel.swift in Sources */,
				079422BA2A92045900684513 /* DashboardViewModel.swift in Sources */,
				079422A12A8E7E6B00684513 /* GetCustomerViewModel.swift in Sources */,
				07668D0C2AD2F89000D5AD3B /* JobConfirmModel.swift in Sources */,
				D00F0AE02A96048E00F9F310 /* EnterCode.swift in Sources */,
				D094E8032A947DBD00FDFD61 /* ForgotPassword.swift in Sources */,
				079422B52A912D8500684513 /* UIColor+Extension.swift in Sources */,
				07317FA22A7E2BE10066341F /* SceneDelegate.swift in Sources */,
				07DCAD672AC355E40002D2FF /* String+Extension.swift in Sources */,
				079422B72A91FBAA00684513 /* SharedObject.swift in Sources */,
				D04D28772AD12F5D00C22A93 /* DeliveriesConfirmViewModel.swift in Sources */,
				D04D28792AD135DE00C22A93 /* DeliveriesConfirm.swift in Sources */,
				0794229F2A8E7E5400684513 /* GetCustomerViewController.swift in Sources */,
				07B6575A2AD58BD300E6CA08 /* RealmManager.swift in Sources */,
				D0A9F70D2A93BD4600C87638 /* SignInUseCase.swift in Sources */,
				D0A9F7052A936F2100C87638 /* SignInViewController.swift in Sources */,
				D094E8012A947D4500FDFD61 /* ForgotPasswordViewController.swift in Sources */,
				07317FD32A7F55720066341F /* APIHandler.swift in Sources */,
				07DCAD5D2AC170C20002D2FF /* TextContainerView.swift in Sources */,
				D00F0AE42A9604AB00F9F310 /* EnterCodeViewModel.swift in Sources */,
				0772F4C72AA0F27A000951BF /* VehicleCheckListUsecase.swift in Sources */,
				079422A32A90FE3F00684513 /* GetCustomer.swift in Sources */,
				07317FDA2A7FFEB70066341F /* GetConstomerUsecase.swift in Sources */,
				07DCAD652AC3556E0002D2FF /* BaseContainerView.swift in Sources */,
				07ABD1772A952BD600460A8A /* SignInModel.swift in Sources */,
				0772F4C12AA0F230000951BF /* VehicleCheckListViewController.swift in Sources */,
				07B6575F2ADD984400E6CA08 /* JobStatusRequest.swift in Sources */,
			);
			runOnlyForDeploymentPostprocessing = 0;
		};
		07317FAE2A7E2BE80066341F /* Sources */ = {
			isa = PBXSourcesBuildPhase;
			buildActionMask = 2147483647;
			files = (
				07317FB72A7E2BE80066341F /* CTS_PODTests.swift in Sources */,
			);
			runOnlyForDeploymentPostprocessing = 0;
		};
		07317FB82A7E2BE80066341F /* Sources */ = {
			isa = PBXSourcesBuildPhase;
			buildActionMask = 2147483647;
			files = (
				07317FC12A7E2BE80066341F /* CTS_PODUITests.swift in Sources */,
				07317FC32A7E2BE80066341F /* CTS_PODUITestsLaunchTests.swift in Sources */,
			);
			runOnlyForDeploymentPostprocessing = 0;
		};
/* End PBXSourcesBuildPhase section */

/* Begin PBXTargetDependency section */
		07317FB42A7E2BE80066341F /* PBXTargetDependency */ = {
			isa = PBXTargetDependency;
			target = 07317F9B2A7E2BE10066341F /* CTS POD */;
			targetProxy = 07317FB32A7E2BE80066341F /* PBXContainerItemProxy */;
		};
		07317FBE2A7E2BE80066341F /* PBXTargetDependency */ = {
			isa = PBXTargetDependency;
			target = 07317F9B2A7E2BE10066341F /* CTS POD */;
			targetProxy = 07317FBD2A7E2BE80066341F /* PBXContainerItemProxy */;
		};
/* End PBXTargetDependency section */

/* Begin PBXVariantGroup section */
		07317FAA2A7E2BE80066341F /* LaunchScreen.storyboard */ = {
			isa = PBXVariantGroup;
			children = (
				07317FAB2A7E2BE80066341F /* Base */,
			);
			name = LaunchScreen.storyboard;
			sourceTree = "<group>";
		};
/* End PBXVariantGroup section */

/* Begin XCBuildConfiguration section */
		07317FC42A7E2BE80066341F /* Debug */ = {
			isa = XCBuildConfiguration;
			buildSettings = {
				ALWAYS_SEARCH_USER_PATHS = NO;
				CLANG_ANALYZER_NONNULL = YES;
				CLANG_ANALYZER_NUMBER_OBJECT_CONVERSION = YES_AGGRESSIVE;
				CLANG_CXX_LANGUAGE_STANDARD = "gnu++17";
				CLANG_ENABLE_MODULES = YES;
				CLANG_ENABLE_OBJC_ARC = YES;
				CLANG_ENABLE_OBJC_WEAK = YES;
				CLANG_WARN_BLOCK_CAPTURE_AUTORELEASING = YES;
				CLANG_WARN_BOOL_CONVERSION = YES;
				CLANG_WARN_COMMA = YES;
				CLANG_WARN_CONSTANT_CONVERSION = YES;
				CLANG_WARN_DEPRECATED_OBJC_IMPLEMENTATIONS = YES;
				CLANG_WARN_DIRECT_OBJC_ISA_USAGE = YES_ERROR;
				CLANG_WARN_DOCUMENTATION_COMMENTS = YES;
				CLANG_WARN_EMPTY_BODY = YES;
				CLANG_WARN_ENUM_CONVERSION = YES;
				CLANG_WARN_INFINITE_RECURSION = YES;
				CLANG_WARN_INT_CONVERSION = YES;
				CLANG_WARN_NON_LITERAL_NULL_CONVERSION = YES;
				CLANG_WARN_OBJC_IMPLICIT_RETAIN_SELF = YES;
				CLANG_WARN_OBJC_LITERAL_CONVERSION = YES;
				CLANG_WARN_OBJC_ROOT_CLASS = YES_ERROR;
				CLANG_WARN_QUOTED_INCLUDE_IN_FRAMEWORK_HEADER = YES;
				CLANG_WARN_RANGE_LOOP_ANALYSIS = YES;
				CLANG_WARN_STRICT_PROTOTYPES = YES;
				CLANG_WARN_SUSPICIOUS_MOVE = YES;
				CLANG_WARN_UNGUARDED_AVAILABILITY = YES_AGGRESSIVE;
				CLANG_WARN_UNREACHABLE_CODE = YES;
				CLANG_WARN__DUPLICATE_METHOD_MATCH = YES;
				COPY_PHASE_STRIP = NO;
				DEBUG_INFORMATION_FORMAT = dwarf;
				ENABLE_STRICT_OBJC_MSGSEND = YES;
				ENABLE_TESTABILITY = YES;
				GCC_C_LANGUAGE_STANDARD = gnu11;
				GCC_DYNAMIC_NO_PIC = NO;
				GCC_NO_COMMON_BLOCKS = YES;
				GCC_OPTIMIZATION_LEVEL = 0;
				GCC_PREPROCESSOR_DEFINITIONS = (
					"DEBUG=1",
					"$(inherited)",
				);
				GCC_WARN_64_TO_32_BIT_CONVERSION = YES;
				GCC_WARN_ABOUT_RETURN_TYPE = YES_ERROR;
				GCC_WARN_UNDECLARED_SELECTOR = YES;
				GCC_WARN_UNINITIALIZED_AUTOS = YES_AGGRESSIVE;
				GCC_WARN_UNUSED_FUNCTION = YES;
				GCC_WARN_UNUSED_VARIABLE = YES;
				IPHONEOS_DEPLOYMENT_TARGET = 15.5;
				MTL_ENABLE_DEBUG_INFO = INCLUDE_SOURCE;
				MTL_FAST_MATH = YES;
				ONLY_ACTIVE_ARCH = YES;
				SDKROOT = iphoneos;
				SWIFT_ACTIVE_COMPILATION_CONDITIONS = DEBUG;
				SWIFT_OPTIMIZATION_LEVEL = "-Onone";
			};
			name = Debug;
		};
		07317FC52A7E2BE80066341F /* Release */ = {
			isa = XCBuildConfiguration;
			buildSettings = {
				ALWAYS_SEARCH_USER_PATHS = NO;
				CLANG_ANALYZER_NONNULL = YES;
				CLANG_ANALYZER_NUMBER_OBJECT_CONVERSION = YES_AGGRESSIVE;
				CLANG_CXX_LANGUAGE_STANDARD = "gnu++17";
				CLANG_ENABLE_MODULES = YES;
				CLANG_ENABLE_OBJC_ARC = YES;
				CLANG_ENABLE_OBJC_WEAK = YES;
				CLANG_WARN_BLOCK_CAPTURE_AUTORELEASING = YES;
				CLANG_WARN_BOOL_CONVERSION = YES;
				CLANG_WARN_COMMA = YES;
				CLANG_WARN_CONSTANT_CONVERSION = YES;
				CLANG_WARN_DEPRECATED_OBJC_IMPLEMENTATIONS = YES;
				CLANG_WARN_DIRECT_OBJC_ISA_USAGE = YES_ERROR;
				CLANG_WARN_DOCUMENTATION_COMMENTS = YES;
				CLANG_WARN_EMPTY_BODY = YES;
				CLANG_WARN_ENUM_CONVERSION = YES;
				CLANG_WARN_INFINITE_RECURSION = YES;
				CLANG_WARN_INT_CONVERSION = YES;
				CLANG_WARN_NON_LITERAL_NULL_CONVERSION = YES;
				CLANG_WARN_OBJC_IMPLICIT_RETAIN_SELF = YES;
				CLANG_WARN_OBJC_LITERAL_CONVERSION = YES;
				CLANG_WARN_OBJC_ROOT_CLASS = YES_ERROR;
				CLANG_WARN_QUOTED_INCLUDE_IN_FRAMEWORK_HEADER = YES;
				CLANG_WARN_RANGE_LOOP_ANALYSIS = YES;
				CLANG_WARN_STRICT_PROTOTYPES = YES;
				CLANG_WARN_SUSPICIOUS_MOVE = YES;
				CLANG_WARN_UNGUARDED_AVAILABILITY = YES_AGGRESSIVE;
				CLANG_WARN_UNREACHABLE_CODE = YES;
				CLANG_WARN__DUPLICATE_METHOD_MATCH = YES;
				COPY_PHASE_STRIP = NO;
				DEBUG_INFORMATION_FORMAT = "dwarf-with-dsym";
				ENABLE_NS_ASSERTIONS = NO;
				ENABLE_STRICT_OBJC_MSGSEND = YES;
				GCC_C_LANGUAGE_STANDARD = gnu11;
				GCC_NO_COMMON_BLOCKS = YES;
				GCC_WARN_64_TO_32_BIT_CONVERSION = YES;
				GCC_WARN_ABOUT_RETURN_TYPE = YES_ERROR;
				GCC_WARN_UNDECLARED_SELECTOR = YES;
				GCC_WARN_UNINITIALIZED_AUTOS = YES_AGGRESSIVE;
				GCC_WARN_UNUSED_FUNCTION = YES;
				GCC_WARN_UNUSED_VARIABLE = YES;
				IPHONEOS_DEPLOYMENT_TARGET = 15.5;
				MTL_ENABLE_DEBUG_INFO = NO;
				MTL_FAST_MATH = YES;
				SDKROOT = iphoneos;
				SWIFT_COMPILATION_MODE = wholemodule;
				SWIFT_OPTIMIZATION_LEVEL = "-O";
				VALIDATE_PRODUCT = YES;
			};
			name = Release;
		};
		07317FC72A7E2BE80066341F /* Debug */ = {
			isa = XCBuildConfiguration;
			baseConfigurationReference = DD7794EF65ADE2313D6343AA /* Pods-CTS POD.debug.xcconfig */;
			buildSettings = {
				ASSETCATALOG_COMPILER_APPICON_NAME = AppIcon;
				ASSETCATALOG_COMPILER_GLOBAL_ACCENT_COLOR_NAME = AccentColor;
				"CODE_SIGN_IDENTITY[sdk=iphoneos*]" = "iPhone Distribution";
				CODE_SIGN_STYLE = Manual;
				CURRENT_PROJECT_VERSION = 1;
				DEVELOPMENT_TEAM = "";
				"DEVELOPMENT_TEAM[sdk=iphoneos*]" = M243A8GXSD;
				GENERATE_INFOPLIST_FILE = YES;
				INFOPLIST_FILE = "CTS POD/Info.plist";
				INFOPLIST_KEY_UIApplicationSupportsIndirectInputEvents = YES;
				INFOPLIST_KEY_UILaunchStoryboardName = LaunchScreen;
				INFOPLIST_KEY_UISupportedInterfaceOrientations_iPad = "UIInterfaceOrientationPortrait UIInterfaceOrientationPortraitUpsideDown UIInterfaceOrientationLandscapeLeft UIInterfaceOrientationLandscapeRight";
				INFOPLIST_KEY_UISupportedInterfaceOrientations_iPhone = UIInterfaceOrientationPortrait;
				INFOPLIST_KEY_UIUserInterfaceStyle = Light;
				LD_RUNPATH_SEARCH_PATHS = (
					"$(inherited)",
					"@executable_path/Frameworks",
				);
				MARKETING_VERSION = 1.0;
				PRODUCT_BUNDLE_IDENTIFIER = com.exigotech.ctspod;
				PRODUCT_NAME = "$(TARGET_NAME)";
				PROVISIONING_PROFILE_SPECIFIER = "";
				"PROVISIONING_PROFILE_SPECIFIER[sdk=iphoneos*]" = "css-pod Adhoc";
				SWIFT_EMIT_LOC_STRINGS = YES;
				SWIFT_VERSION = 5.0;
				TARGETED_DEVICE_FAMILY = "1,2";
			};
			name = Debug;
		};
		07317FC82A7E2BE80066341F /* Release */ = {
			isa = XCBuildConfiguration;
			baseConfigurationReference = 8DD0E45136CA5B4D6716F584 /* Pods-CTS POD.release.xcconfig */;
			buildSettings = {
				ASSETCATALOG_COMPILER_APPICON_NAME = AppIcon;
				ASSETCATALOG_COMPILER_GLOBAL_ACCENT_COLOR_NAME = AccentColor;
				"CODE_SIGN_IDENTITY[sdk=iphoneos*]" = "iPhone Distribution";
				CODE_SIGN_STYLE = Manual;
				CURRENT_PROJECT_VERSION = 1;
				DEVELOPMENT_TEAM = "";
				"DEVELOPMENT_TEAM[sdk=iphoneos*]" = M243A8GXSD;
				GENERATE_INFOPLIST_FILE = YES;
				INFOPLIST_FILE = "CTS POD/Info.plist";
				INFOPLIST_KEY_UIApplicationSupportsIndirectInputEvents = YES;
				INFOPLIST_KEY_UILaunchStoryboardName = LaunchScreen;
				INFOPLIST_KEY_UISupportedInterfaceOrientations_iPad = "UIInterfaceOrientationPortrait UIInterfaceOrientationPortraitUpsideDown UIInterfaceOrientationLandscapeLeft UIInterfaceOrientationLandscapeRight";
				INFOPLIST_KEY_UISupportedInterfaceOrientations_iPhone = UIInterfaceOrientationPortrait;
				INFOPLIST_KEY_UIUserInterfaceStyle = Light;
				LD_RUNPATH_SEARCH_PATHS = (
					"$(inherited)",
					"@executable_path/Frameworks",
				);
				MARKETING_VERSION = 1.0;
				PRODUCT_BUNDLE_IDENTIFIER = com.exigotech.ctspod;
				PRODUCT_NAME = "$(TARGET_NAME)";
				PROVISIONING_PROFILE_SPECIFIER = "";
				"PROVISIONING_PROFILE_SPECIFIER[sdk=iphoneos*]" = "css-pod Adhoc";
				SWIFT_EMIT_LOC_STRINGS = YES;
				SWIFT_VERSION = 5.0;
				TARGETED_DEVICE_FAMILY = "1,2";
			};
			name = Release;
		};
		07317FCA2A7E2BE80066341F /* Debug */ = {
			isa = XCBuildConfiguration;
			baseConfigurationReference = DCE5216669F67F6A3CB6076C /* Pods-CTS PODTests.debug.xcconfig */;
			buildSettings = {
				ALWAYS_EMBED_SWIFT_STANDARD_LIBRARIES = YES;
				BUNDLE_LOADER = "$(TEST_HOST)";
				CODE_SIGN_STYLE = Automatic;
				CURRENT_PROJECT_VERSION = 1;
				GENERATE_INFOPLIST_FILE = YES;
				IPHONEOS_DEPLOYMENT_TARGET = 15.5;
				MARKETING_VERSION = 1.0;
				PRODUCT_BUNDLE_IDENTIFIER = "com.CTS-PODTests";
				PRODUCT_NAME = "$(TARGET_NAME)";
				SWIFT_EMIT_LOC_STRINGS = NO;
				SWIFT_VERSION = 5.0;
				TARGETED_DEVICE_FAMILY = "1,2";
				TEST_HOST = "$(BUILT_PRODUCTS_DIR)/CTS POD.app/CTS POD";
			};
			name = Debug;
		};
		07317FCB2A7E2BE80066341F /* Release */ = {
			isa = XCBuildConfiguration;
			baseConfigurationReference = CE7ADB1AF33682688DD46DCB /* Pods-CTS PODTests.release.xcconfig */;
			buildSettings = {
				ALWAYS_EMBED_SWIFT_STANDARD_LIBRARIES = YES;
				BUNDLE_LOADER = "$(TEST_HOST)";
				CODE_SIGN_STYLE = Automatic;
				CURRENT_PROJECT_VERSION = 1;
				GENERATE_INFOPLIST_FILE = YES;
				IPHONEOS_DEPLOYMENT_TARGET = 15.5;
				MARKETING_VERSION = 1.0;
				PRODUCT_BUNDLE_IDENTIFIER = "com.CTS-PODTests";
				PRODUCT_NAME = "$(TARGET_NAME)";
				SWIFT_EMIT_LOC_STRINGS = NO;
				SWIFT_VERSION = 5.0;
				TARGETED_DEVICE_FAMILY = "1,2";
				TEST_HOST = "$(BUILT_PRODUCTS_DIR)/CTS POD.app/CTS POD";
			};
			name = Release;
		};
		07317FCD2A7E2BE80066341F /* Debug */ = {
			isa = XCBuildConfiguration;
			baseConfigurationReference = A8BFD85A5BB426317E1E7825 /* Pods-CTS POD-CTS PODUITests.debug.xcconfig */;
			buildSettings = {
				ALWAYS_EMBED_SWIFT_STANDARD_LIBRARIES = YES;
				CODE_SIGN_STYLE = Automatic;
				CURRENT_PROJECT_VERSION = 1;
				GENERATE_INFOPLIST_FILE = YES;
				MARKETING_VERSION = 1.0;
				PRODUCT_BUNDLE_IDENTIFIER = "com.CTS-PODUITests";
				PRODUCT_NAME = "$(TARGET_NAME)";
				SWIFT_EMIT_LOC_STRINGS = NO;
				SWIFT_VERSION = 5.0;
				TARGETED_DEVICE_FAMILY = "1,2";
				TEST_TARGET_NAME = "CTS POD";
			};
			name = Debug;
		};
		07317FCE2A7E2BE80066341F /* Release */ = {
			isa = XCBuildConfiguration;
			baseConfigurationReference = 61267F8948813E3BD457786C /* Pods-CTS POD-CTS PODUITests.release.xcconfig */;
			buildSettings = {
				ALWAYS_EMBED_SWIFT_STANDARD_LIBRARIES = YES;
				CODE_SIGN_STYLE = Automatic;
				CURRENT_PROJECT_VERSION = 1;
				GENERATE_INFOPLIST_FILE = YES;
				MARKETING_VERSION = 1.0;
				PRODUCT_BUNDLE_IDENTIFIER = "com.CTS-PODUITests";
				PRODUCT_NAME = "$(TARGET_NAME)";
				SWIFT_EMIT_LOC_STRINGS = NO;
				SWIFT_VERSION = 5.0;
				TARGETED_DEVICE_FAMILY = "1,2";
				TEST_TARGET_NAME = "CTS POD";
			};
			name = Release;
		};
/* End XCBuildConfiguration section */

/* Begin XCConfigurationList section */
		07317F972A7E2BE10066341F /* Build configuration list for PBXProject "CTS POD" */ = {
			isa = XCConfigurationList;
			buildConfigurations = (
				07317FC42A7E2BE80066341F /* Debug */,
				07317FC52A7E2BE80066341F /* Release */,
			);
			defaultConfigurationIsVisible = 0;
			defaultConfigurationName = Release;
		};
		07317FC62A7E2BE80066341F /* Build configuration list for PBXNativeTarget "CTS POD" */ = {
			isa = XCConfigurationList;
			buildConfigurations = (
				07317FC72A7E2BE80066341F /* Debug */,
				07317FC82A7E2BE80066341F /* Release */,
			);
			defaultConfigurationIsVisible = 0;
			defaultConfigurationName = Release;
		};
		07317FC92A7E2BE80066341F /* Build configuration list for PBXNativeTarget "CTS PODTests" */ = {
			isa = XCConfigurationList;
			buildConfigurations = (
				07317FCA2A7E2BE80066341F /* Debug */,
				07317FCB2A7E2BE80066341F /* Release */,
			);
			defaultConfigurationIsVisible = 0;
			defaultConfigurationName = Release;
		};
		07317FCC2A7E2BE80066341F /* Build configuration list for PBXNativeTarget "CTS PODUITests" */ = {
			isa = XCConfigurationList;
			buildConfigurations = (
				07317FCD2A7E2BE80066341F /* Debug */,
				07317FCE2A7E2BE80066341F /* Release */,
			);
			defaultConfigurationIsVisible = 0;
			defaultConfigurationName = Release;
		};
/* End XCConfigurationList section */
	};
	rootObject = 07317F942A7E2BE10066341F /* Project object */;
}
